
Microsoft Visual Studio Solution File, Format Version 12.00
# Visual Studio Version 17
VisualStudioVersion = 17.2.32630.192
MinimumVisualStudioVersion = 10.0.40219.1
Project("{FAE04EC0-301F-11D3-BF4B-00C04F79EFBC}") = "Iterator", "Iterator\Iterator.csproj", "{F2D02A20-0DD0-4A91-9FC3-5679946D036A}"
EndProject
Global
	GlobalSection(SolutionConfigurationPlatforms) = preSolution
		Debug|Any CPU = Debug|Any CPU
		Release|Any CPU = Release|Any CPU
	EndGlobalSection
	GlobalSection(ProjectConfigurationPlatforms) = postSolution
		{F2D02A20-0DD0-4A91-9FC3-5679946D036A}.Debug|Any CPU.ActiveCfg = Debug|Any CPU
		{F2D02A20-0DD0-4A91-9FC3-5679946D036A}.Debug|Any CPU.Build.0 = Debug|Any CPU
		{F2D02A20-0DD0-4A91-9FC3-5679946D036A}.Release|Any CPU.ActiveCfg = Release|Any CPU
		{F2D02A20-0DD0-4A91-9FC3-5679946D036A}.Release|Any CPU.Build.0 = Release|Any CPU
	EndGlobalSection
	GlobalSection(SolutionProperties) = preSolution
		HideSolutionNode = FALSE
	EndGlobalSection
	GlobalSection(ExtensibilityGlobals) = postSolution
		SolutionGuid = {1307E1CF-5534-4E59-87F1-F739A9A78CDD}
	EndGlobalSection
EndGlobal
