
Microsoft Visual Studio Solution File, Format Version 12.00
# Visual Studio Version 17
VisualStudioVersion = 17.2.32630.192
MinimumVisualStudioVersion = 10.0.40219.1
Project("{FAE04EC0-301F-11D3-BF4B-00C04F79EFBC}") = "singleton", "singleton\singleton.csproj", "{1A9E95F4-7A52-4DAE-A288-60C200528142}"
EndProject
Global
	GlobalSection(SolutionConfigurationPlatforms) = preSolution
		Debug|Any CPU = Debug|Any CPU
		Release|Any CPU = Release|Any CPU
	EndGlobalSection
	GlobalSection(ProjectConfigurationPlatforms) = postSolution
		{1A9E95F4-7A52-4DAE-A288-60C200528142}.Debug|Any CPU.ActiveCfg = Debug|Any CPU
		{1A9E95F4-7A52-4DAE-A288-60C200528142}.Debug|Any CPU.Build.0 = Debug|Any CPU
		{1A9E95F4-7A52-4DAE-A288-60C200528142}.Release|Any CPU.ActiveCfg = Release|Any CPU
		{1A9E95F4-7A52-4DAE-A288-60C200528142}.Release|Any CPU.Build.0 = Release|Any CPU
	EndGlobalSection
	GlobalSection(SolutionProperties) = preSolution
		HideSolutionNode = FALSE
	EndGlobalSection
	GlobalSection(ExtensibilityGlobals) = postSolution
		SolutionGuid = {7BE60D52-162F-405A-A300-38337BDBABB9}
	EndGlobalSection
EndGlobal
