
Microsoft Visual Studio Solution File, Format Version 12.00
# Visual Studio Version 17
VisualStudioVersion = 17.2.32630.192
MinimumVisualStudioVersion = 10.0.40219.1
Project("{FAE04EC0-301F-11D3-BF4B-00C04F79EFBC}") = "Bridge", "Bridge\Bridge.csproj", "{03085303-3F90-45A6-8F81-C6522101C989}"
EndProject
Global
	GlobalSection(SolutionConfigurationPlatforms) = preSolution
		Debug|Any CPU = Debug|Any CPU
		Release|Any CPU = Release|Any CPU
	EndGlobalSection
	GlobalSection(ProjectConfigurationPlatforms) = postSolution
		{03085303-3F90-45A6-8F81-C6522101C989}.Debug|Any CPU.ActiveCfg = Debug|Any CPU
		{03085303-3F90-45A6-8F81-C6522101C989}.Debug|Any CPU.Build.0 = Debug|Any CPU
		{03085303-3F90-45A6-8F81-C6522101C989}.Release|Any CPU.ActiveCfg = Release|Any CPU
		{03085303-3F90-45A6-8F81-C6522101C989}.Release|Any CPU.Build.0 = Release|Any CPU
	EndGlobalSection
	GlobalSection(SolutionProperties) = preSolution
		HideSolutionNode = FALSE
	EndGlobalSection
	GlobalSection(ExtensibilityGlobals) = postSolution
		SolutionGuid = {4264DC28-27B0-441E-92F8-9B19C17ED30A}
	EndGlobalSection
EndGlobal
